// !$*UTF8*$!
{
	archiveVersion = 1;
	classes = {
	};
	objectVersion = 51;
	objects = {

/* Begin PBXBuildFile section */
		1838B69D25BB60A400E0C728 /* AppDelegate.swift in Sources */ = {isa = PBXBuildFile; fileRef = 1838B69C25BB60A400E0C728 /* AppDelegate.swift */; };
		1838B69F25BB60A400E0C728 /* SceneDelegate.swift in Sources */ = {isa = PBXBuildFile; fileRef = 1838B69E25BB60A400E0C728 /* SceneDelegate.swift */; };
		1838B6A125BB60A400E0C728 /* ViewController.swift in Sources */ = {isa = PBXBuildFile; fileRef = 1838B6A025BB60A400E0C728 /* ViewController.swift */; };
		1838B6A425BB60A400E0C728 /* Main.storyboard in Resources */ = {isa = PBXBuildFile; fileRef = 1838B6A225BB60A400E0C728 /* Main.storyboard */; };
		1838B6A725BB60A400E0C728 /* animations.xcdatamodeld in Sources */ = {isa = PBXBuildFile; fileRef = 1838B6A525BB60A400E0C728 /* animations.xcdatamodeld */; };
		1838B6A925BB60A900E0C728 /* Assets.xcassets in Resources */ = {isa = PBXBuildFile; fileRef = 1838B6A825BB60A900E0C728 /* Assets.xcassets */; };
		1838B6AC25BB60A900E0C728 /* LaunchScreen.storyboard in Resources */ = {isa = PBXBuildFile; fileRef = 1838B6AA25BB60A900E0C728 /* LaunchScreen.storyboard */; };
		1838B6BD25BB691200E0C728 /* Animation.swift in Sources */ = {isa = PBXBuildFile; fileRef = 1838B6BC25BB691200E0C728 /* Animation.swift */; };
		1838B6C525BB6BD700E0C728 /* DataManager.swift in Sources */ = {isa = PBXBuildFile; fileRef = 1838B6C425BB6BD700E0C728 /* DataManager.swift */; };
		3AEAE01892705765DEB13CA4 /* Pods_animations.framework in Frameworks */ = {isa = PBXBuildFile; fileRef = A227B5D6C6E7481C0EEC75BB /* Pods_animations.framework */; };
/* End PBXBuildFile section */

/* Begin PBXFileReference section */
		06929B4053DDEAD744123A85 /* Pods-animations.release.xcconfig */ = {isa = PBXFileReference; includeInIndex = 1; lastKnownFileType = text.xcconfig; name = "Pods-animations.release.xcconfig"; path = "Target Support Files/Pods-animations/Pods-animations.release.xcconfig"; sourceTree = "<group>"; };
		1838B69925BB60A400E0C728 /* animations.app */ = {isa = PBXFileReference; explicitFileType = wrapper.application; includeInIndex = 0; path = animations.app; sourceTree = BUILT_PRODUCTS_DIR; };
		1838B69C25BB60A400E0C728 /* AppDelegate.swift */ = {isa = PBXFileReference; lastKnownFileType = sourcecode.swift; path = AppDelegate.swift; sourceTree = "<group>"; };
		1838B69E25BB60A400E0C728 /* SceneDelegate.swift */ = {isa = PBXFileReference; lastKnownFileType = sourcecode.swift; path = SceneDelegate.swift; sourceTree = "<group>"; };
		1838B6A025BB60A400E0C728 /* ViewController.swift */ = {isa = PBXFileReference; lastKnownFileType = sourcecode.swift; path = ViewController.swift; sourceTree = "<group>"; };
		1838B6A325BB60A400E0C728 /* Base */ = {isa = PBXFileReference; lastKnownFileType = file.storyboard; name = Base; path = Base.lproj/Main.storyboard; sourceTree = "<group>"; };
		1838B6A625BB60A400E0C728 /* animations.xcdatamodel */ = {isa = PBXFileReference; lastKnownFileType = wrapper.xcdatamodel; path = animations.xcdatamodel; sourceTree = "<group>"; };
		1838B6A825BB60A900E0C728 /* Assets.xcassets */ = {isa = PBXFileReference; lastKnownFileType = folder.assetcatalog; path = Assets.xcassets; sourceTree = "<group>"; };
		1838B6AB25BB60A900E0C728 /* Base */ = {isa = PBXFileReference; lastKnownFileType = file.storyboard; name = Base; path = Base.lproj/LaunchScreen.storyboard; sourceTree = "<group>"; };
		1838B6AD25BB60A900E0C728 /* Info.plist */ = {isa = PBXFileReference; lastKnownFileType = text.plist.xml; path = Info.plist; sourceTree = "<group>"; };
		1838B6BC25BB691200E0C728 /* Animation.swift */ = {isa = PBXFileReference; lastKnownFileType = sourcecode.swift; path = Animation.swift; sourceTree = "<group>"; };
		1838B6C425BB6BD700E0C728 /* DataManager.swift */ = {isa = PBXFileReference; lastKnownFileType = sourcecode.swift; path = DataManager.swift; sourceTree = "<group>"; };
		A227B5D6C6E7481C0EEC75BB /* Pods_animations.framework */ = {isa = PBXFileReference; explicitFileType = wrapper.framework; includeInIndex = 0; path = Pods_animations.framework; sourceTree = BUILT_PRODUCTS_DIR; };
		CCA65AE1482389ADBAC1EA07 /* Pods-animations.debug.xcconfig */ = {isa = PBXFileReference; includeInIndex = 1; lastKnownFileType = text.xcconfig; name = "Pods-animations.debug.xcconfig"; path = "Target Support Files/Pods-animations/Pods-animations.debug.xcconfig"; sourceTree = "<group>"; };
/* End PBXFileReference section */

/* Begin PBXFrameworksBuildPhase section */
		1838B69625BB60A400E0C728 /* Frameworks */ = {
			isa = PBXFrameworksBuildPhase;
			buildActionMask = 2147483647;
			files = (
				3AEAE01892705765DEB13CA4 /* Pods_animations.framework in Frameworks */,
			);
			runOnlyForDeploymentPostprocessing = 0;
		};
/* End PBXFrameworksBuildPhase section */

/* Begin PBXGroup section */
		1838B69025BB60A400E0C728 = {
			isa = PBXGroup;
			children = (
				1838B69B25BB60A400E0C728 /* animations */,
				1838B69A25BB60A400E0C728 /* Products */,
				335D40549A08DF5355577A09 /* Pods */,
				879E26CBEF49FF66B886A4D0 /* Frameworks */,
			);
			sourceTree = "<group>";
		};
		1838B69A25BB60A400E0C728 /* Products */ = {
			isa = PBXGroup;
			children = (
				1838B69925BB60A400E0C728 /* animations.app */,
			);
			name = Products;
			sourceTree = "<group>";
		};
		1838B69B25BB60A400E0C728 /* animations */ = {
			isa = PBXGroup;
			children = (
				1838B69C25BB60A400E0C728 /* AppDelegate.swift */,
				1838B69E25BB60A400E0C728 /* SceneDelegate.swift */,
				1838B6A025BB60A400E0C728 /* ViewController.swift */,
				1838B6C425BB6BD700E0C728 /* DataManager.swift */,
				1838B6BC25BB691200E0C728 /* Animation.swift */,
				1838B6A225BB60A400E0C728 /* Main.storyboard */,
				1838B6A825BB60A900E0C728 /* Assets.xcassets */,
				1838B6AA25BB60A900E0C728 /* LaunchScreen.storyboard */,
				1838B6AD25BB60A900E0C728 /* Info.plist */,
				1838B6A525BB60A400E0C728 /* animations.xcdatamodeld */,
			);
			path = animations;
			sourceTree = "<group>";
		};
		335D40549A08DF5355577A09 /* Pods */ = {
			isa = PBXGroup;
			children = (
				CCA65AE1482389ADBAC1EA07 /* Pods-animations.debug.xcconfig */,
				06929B4053DDEAD744123A85 /* Pods-animations.release.xcconfig */,
			);
			path = Pods;
			sourceTree = "<group>";
		};
		879E26CBEF49FF66B886A4D0 /* Frameworks */ = {
			isa = PBXGroup;
			children = (
				A227B5D6C6E7481C0EEC75BB /* Pods_animations.framework */,
			);
			name = Frameworks;
			sourceTree = "<group>";
		};
/* End PBXGroup section */

/* Begin PBXNativeTarget section */
		1838B69825BB60A400E0C728 /* animations */ = {
			isa = PBXNativeTarget;
			buildConfigurationList = 1838B6B025BB60A900E0C728 /* Build configuration list for PBXNativeTarget "animations" */;
			buildPhases = (
				BF4E04EAE4C85F1CFB0EBA1B /* [CP] Check Pods Manifest.lock */,
				1838B69525BB60A400E0C728 /* Sources */,
				1838B69625BB60A400E0C728 /* Frameworks */,
				1838B69725BB60A400E0C728 /* Resources */,
				3CDB026FD530EB758D62E161 /* [CP] Embed Pods Frameworks */,
			);
			buildRules = (
			);
			dependencies = (
			);
			name = animations;
			productName = animations;
			productReference = 1838B69925BB60A400E0C728 /* animations.app */;
			productType = "com.apple.product-type.application";
		};
/* End PBXNativeTarget section */

/* Begin PBXProject section */
		1838B69125BB60A400E0C728 /* Project object */ = {
			isa = PBXProject;
			attributes = {
				LastSwiftUpdateCheck = 1230;
				LastUpgradeCheck = 1230;
				TargetAttributes = {
					1838B69825BB60A400E0C728 = {
						CreatedOnToolsVersion = 12.3;
					};
				};
			};
			buildConfigurationList = 1838B69425BB60A400E0C728 /* Build configuration list for PBXProject "animations" */;
			compatibilityVersion = "Xcode 9.3";
			developmentRegion = en;
			hasScannedForEncodings = 0;
			knownRegions = (
				en,
				Base,
			);
			mainGroup = 1838B69025BB60A400E0C728;
			productRefGroup = 1838B69A25BB60A400E0C728 /* Products */;
			projectDirPath = "";
			projectRoot = "";
			targets = (
				1838B69825BB60A400E0C728 /* animations */,
			);
		};
/* End PBXProject section */

/* Begin PBXResourcesBuildPhase section */
		1838B69725BB60A400E0C728 /* Resources */ = {
			isa = PBXResourcesBuildPhase;
			buildActionMask = 2147483647;
			files = (
				1838B6AC25BB60A900E0C728 /* LaunchScreen.storyboard in Resources */,
				1838B6A925BB60A900E0C728 /* Assets.xcassets in Resources */,
				1838B6A425BB60A400E0C728 /* Main.storyboard in Resources */,
			);
			runOnlyForDeploymentPostprocessing = 0;
		};
/* End PBXResourcesBuildPhase section */

/* Begin PBXShellScriptBuildPhase section */
		3CDB026FD530EB758D62E161 /* [CP] Embed Pods Frameworks */ = {
			isa = PBXShellScriptBuildPhase;
			buildActionMask = 2147483647;
			files = (
			);
			inputFileListPaths = (
				"${PODS_ROOT}/Target Support Files/Pods-animations/Pods-animations-frameworks-${CONFIGURATION}-input-files.xcfilelist",
			);
			name = "[CP] Embed Pods Frameworks";
			outputFileListPaths = (
				"${PODS_ROOT}/Target Support Files/Pods-animations/Pods-animations-frameworks-${CONFIGURATION}-output-files.xcfilelist",
			);
			runOnlyForDeploymentPostprocessing = 0;
			shellPath = /bin/sh;
			shellScript = "\"${PODS_ROOT}/Target Support Files/Pods-animations/Pods-animations-frameworks.sh\"\n";
			showEnvVarsInLog = 0;
		};
		BF4E04EAE4C85F1CFB0EBA1B /* [CP] Check Pods Manifest.lock */ = {
			isa = PBXShellScriptBuildPhase;
			buildActionMask = 2147483647;
			files = (
			);
			inputFileListPaths = (
			);
			inputPaths = (
				"${PODS_PODFILE_DIR_PATH}/Podfile.lock",
				"${PODS_ROOT}/Manifest.lock",
			);
			name = "[CP] Check Pods Manifest.lock";
			outputFileListPaths = (
			);
			outputPaths = (
				"$(DERIVED_FILE_DIR)/Pods-animations-checkManifestLockResult.txt",
			);
			runOnlyForDeploymentPostprocessing = 0;
			shellPath = /bin/sh;
			shellScript = "diff \"${PODS_PODFILE_DIR_PATH}/Podfile.lock\" \"${PODS_ROOT}/Manifest.lock\" > /dev/null\nif [ $? != 0 ] ; then\n    # print error to STDERR\n    echo \"error: The sandbox is not in sync with the Podfile.lock. Run 'pod install' or update your CocoaPods installation.\" >&2\n    exit 1\nfi\n# This output is used by Xcode 'outputs' to avoid re-running this script phase.\necho \"SUCCESS\" > \"${SCRIPT_OUTPUT_FILE_0}\"\n";
			showEnvVarsInLog = 0;
		};
/* End PBXShellScriptBuildPhase section */

/* Begin PBXSourcesBuildPhase section */
		1838B69525BB60A400E0C728 /* Sources */ = {
			isa = PBXSourcesBuildPhase;
			buildActionMask = 2147483647;
			files = (
				1838B6A125BB60A400E0C728 /* ViewController.swift in Sources */,
				1838B6C525BB6BD700E0C728 /* DataManager.swift in Sources */,
				1838B69D25BB60A400E0C728 /* AppDelegate.swift in Sources */,
				1838B6A725BB60A400E0C728 /* animations.xcdatamodeld in Sources */,
				1838B6BD25BB691200E0C728 /* Animation.swift in Sources */,
				1838B69F25BB60A400E0C728 /* SceneDelegate.swift in Sources */,
			);
			runOnlyForDeploymentPostprocessing = 0;
		};
/* End PBXSourcesBuildPhase section */

/* Begin PBXVariantGroup section */
		1838B6A225BB60A400E0C728 /* Main.storyboard */ = {
			isa = PBXVariantGroup;
			children = (
				1838B6A325BB60A400E0C728 /* Base */,
			);
			name = Main.storyboard;
			sourceTree = "<group>";
		};
		1838B6AA25BB60A900E0C728 /* LaunchScreen.storyboard */ = {
			isa = PBXVariantGroup;
			children = (
				1838B6AB25BB60A900E0C728 /* Base */,
			);
			name = LaunchScreen.storyboard;
			sourceTree = "<group>";
		};
/* End PBXVariantGroup section */

/* Begin XCBuildConfiguration section */
		1838B6AE25BB60A900E0C728 /* Debug */ = {
			isa = XCBuildConfiguration;
			buildSettings = {
				ALWAYS_SEARCH_USER_PATHS = NO;
				CLANG_ANALYZER_NONNULL = YES;
				CLANG_ANALYZER_NUMBER_OBJECT_CONVERSION = YES_AGGRESSIVE;
				CLANG_CXX_LANGUAGE_STANDARD = "gnu++14";
				CLANG_CXX_LIBRARY = "libc++";
				CLANG_ENABLE_MODULES = YES;
				CLANG_ENABLE_OBJC_ARC = YES;
				CLANG_ENABLE_OBJC_WEAK = YES;
				CLANG_WARN_BLOCK_CAPTURE_AUTORELEASING = YES;
				CLANG_WARN_BOOL_CONVERSION = YES;
				CLANG_WARN_COMMA = YES;
				CLANG_WARN_CONSTANT_CONVERSION = YES;
				CLANG_WARN_DEPRECATED_OBJC_IMPLEMENTATIONS = YES;
				CLANG_WARN_DIRECT_OBJC_ISA_USAGE = YES_ERROR;
				CLANG_WARN_DOCUMENTATION_COMMENTS = YES;
				CLANG_WARN_EMPTY_BODY = YES;
				CLANG_WARN_ENUM_CONVERSION = YES;
				CLANG_WARN_INFINITE_RECURSION = YES;
				CLANG_WARN_INT_CONVERSION = YES;
				CLANG_WARN_NON_LITERAL_NULL_CONVERSION = YES;
				CLANG_WARN_OBJC_IMPLICIT_RETAIN_SELF = YES;
				CLANG_WARN_OBJC_LITERAL_CONVERSION = YES;
				CLANG_WARN_OBJC_ROOT_CLASS = YES_ERROR;
				CLANG_WARN_QUOTED_INCLUDE_IN_FRAMEWORK_HEADER = YES;
				CLANG_WARN_RANGE_LOOP_ANALYSIS = YES;
				CLANG_WARN_STRICT_PROTOTYPES = YES;
				CLANG_WARN_SUSPICIOUS_MOVE = YES;
				CLANG_WARN_UNGUARDED_AVAILABILITY = YES_AGGRESSIVE;
				CLANG_WARN_UNREACHABLE_CODE = YES;
				CLANG_WARN__DUPLICATE_METHOD_MATCH = YES;
				COPY_PHASE_STRIP = NO;
				DEBUG_INFORMATION_FORMAT = dwarf;
				ENABLE_STRICT_OBJC_MSGSEND = YES;
				ENABLE_TESTABILITY = YES;
				GCC_C_LANGUAGE_STANDARD = gnu11;
				GCC_DYNAMIC_NO_PIC = NO;
				GCC_NO_COMMON_BLOCKS = YES;
				GCC_OPTIMIZATION_LEVEL = 0;
				GCC_PREPROCESSOR_DEFINITIONS = (
					"DEBUG=1",
					"$(inherited)",
				);
				GCC_WARN_64_TO_32_BIT_CONVERSION = YES;
				GCC_WARN_ABOUT_RETURN_TYPE = YES_ERROR;
				GCC_WARN_UNDECLARED_SELECTOR = YES;
				GCC_WARN_UNINITIALIZED_AUTOS = YES_AGGRESSIVE;
				GCC_WARN_UNUSED_FUNCTION = YES;
				GCC_WARN_UNUSED_VARIABLE = YES;
				IPHONEOS_DEPLOYMENT_TARGET = 14.3;
				MTL_ENABLE_DEBUG_INFO = INCLUDE_SOURCE;
				MTL_FAST_MATH = YES;
				ONLY_ACTIVE_ARCH = YES;
				SDKROOT = iphoneos;
				SWIFT_ACTIVE_COMPILATION_CONDITIONS = DEBUG;
				SWIFT_OPTIMIZATION_LEVEL = "-Onone";
			};
			name = Debug;
		};
		1838B6AF25BB60A900E0C728 /* Release */ = {
			isa = XCBuildConfiguration;
			buildSettings = {
				ALWAYS_SEARCH_USER_PATHS = NO;
				CLANG_ANALYZER_NONNULL = YES;
				CLANG_ANALYZER_NUMBER_OBJECT_CONVERSION = YES_AGGRESSIVE;
				CLANG_CXX_LANGUAGE_STANDARD = "gnu++14";
				CLANG_CXX_LIBRARY = "libc++";
				CLANG_ENABLE_MODULES = YES;
				CLANG_ENABLE_OBJC_ARC = YES;
				CLANG_ENABLE_OBJC_WEAK = YES;
				CLANG_WARN_BLOCK_CAPTURE_AUTORELEASING = YES;
				CLANG_WARN_BOOL_CONVERSION = YES;
				CLANG_WARN_COMMA = YES;
				CLANG_WARN_CONSTANT_CONVERSION = YES;
				CLANG_WARN_DEPRECATED_OBJC_IMPLEMENTATIONS = YES;
				CLANG_WARN_DIRECT_OBJC_ISA_USAGE = YES_ERROR;
				CLANG_WARN_DOCUMENTATION_COMMENTS = YES;
				CLANG_WARN_EMPTY_BODY = YES;
				CLANG_WARN_ENUM_CONVERSION = YES;
				CLANG_WARN_INFINITE_RECURSION = YES;
				CLANG_WARN_INT_CONVERSION = YES;
				CLANG_WARN_NON_LITERAL_NULL_CONVERSION = YES;
				CLANG_WARN_OBJC_IMPLICIT_RETAIN_SELF = YES;
				CLANG_WARN_OBJC_LITERAL_CONVERSION = YES;
				CLANG_WARN_OBJC_ROOT_CLASS = YES_ERROR;
				CLANG_WARN_QUOTED_INCLUDE_IN_FRAMEWORK_HEADER = YES;
				CLANG_WARN_RANGE_LOOP_ANALYSIS = YES;
				CLANG_WARN_STRICT_PROTOTYPES = YES;
				CLANG_WARN_SUSPICIOUS_MOVE = YES;
				CLANG_WARN_UNGUARDED_AVAILABILITY = YES_AGGRESSIVE;
				CLANG_WARN_UNREACHABLE_CODE = YES;
				CLANG_WARN__DUPLICATE_METHOD_MATCH = YES;
				COPY_PHASE_STRIP = NO;
				DEBUG_INFORMATION_FORMAT = "dwarf-with-dsym";
				ENABLE_NS_ASSERTIONS = NO;
				ENABLE_STRICT_OBJC_MSGSEND = YES;
				GCC_C_LANGUAGE_STANDARD = gnu11;
				GCC_NO_COMMON_BLOCKS = YES;
				GCC_WARN_64_TO_32_BIT_CONVERSION = YES;
				GCC_WARN_ABOUT_RETURN_TYPE = YES_ERROR;
				GCC_WARN_UNDECLARED_SELECTOR = YES;
				GCC_WARN_UNINITIALIZED_AUTOS = YES_AGGRESSIVE;
				GCC_WARN_UNUSED_FUNCTION = YES;
				GCC_WARN_UNUSED_VARIABLE = YES;
				IPHONEOS_DEPLOYMENT_TARGET = 14.3;
				MTL_ENABLE_DEBUG_INFO = NO;
				MTL_FAST_MATH = YES;
				SDKROOT = iphoneos;
				SWIFT_COMPILATION_MODE = wholemodule;
				SWIFT_OPTIMIZATION_LEVEL = "-O";
				VALIDATE_PRODUCT = YES;
			};
			name = Release;
		};
		1838B6B125BB60A900E0C728 /* Debug */ = {
			isa = XCBuildConfiguration;
			baseConfigurationReference = CCA65AE1482389ADBAC1EA07 /* Pods-animations.debug.xcconfig */;
			buildSettings = {
				ASSETCATALOG_COMPILER_APPICON_NAME = AppIcon;
				ASSETCATALOG_COMPILER_GLOBAL_ACCENT_COLOR_NAME = AccentColor;
				CODE_SIGN_STYLE = Automatic;
				DEVELOPMENT_TEAM = RRAQ4U897N;
				INFOPLIST_FILE = animations/Info.plist;
				LD_RUNPATH_SEARCH_PATHS = (
					"$(inherited)",
					"@executable_path/Frameworks",
				);
				PRODUCT_BUNDLE_IDENTIFIER = "Sergey-Druzhinin.animations";
				PRODUCT_NAME = "$(TARGET_NAME)";
				SWIFT_VERSION = 5.0;
				TARGETED_DEVICE_FAMILY = "1,2";
			};
			name = Debug;
		};
		1838B6B225BB60A900E0C728 /* Release */ = {
			isa = XCBuildConfiguration;
			baseConfigurationReference = 06929B4053DDEAD744123A85 /* Pods-animations.release.xcconfig */;
			buildSettings = {
				ASSETCATALOG_COMPILER_APPICON_NAME = AppIcon;
				ASSETCATALOG_COMPILER_GLOBAL_ACCENT_COLOR_NAME = AccentColor;
				CODE_SIGN_STYLE = Automatic;
				DEVELOPMENT_TEAM = RRAQ4U897N;
				INFOPLIST_FILE = animations/Info.plist;
				LD_RUNPATH_SEARCH_PATHS = (
					"$(inherited)",
					"@executable_path/Frameworks",
				);
				PRODUCT_BUNDLE_IDENTIFIER = "Sergey-Druzhinin.animations";
				PRODUCT_NAME = "$(TARGET_NAME)";
				SWIFT_VERSION = 5.0;
				TARGETED_DEVICE_FAMILY = "1,2";
			};
			name = Release;
		};
/* End XCBuildConfiguration section */

/* Begin XCConfigurationList section */
		1838B69425BB60A400E0C728 /* Build configuration list for PBXProject "animations" */ = {
			isa = XCConfigurationList;
			buildConfigurations = (
				1838B6AE25BB60A900E0C728 /* Debug */,
				1838B6AF25BB60A900E0C728 /* Release */,
			);
			defaultConfigurationIsVisible = 0;
			defaultConfigurationName = Release;
		};
		1838B6B025BB60A900E0C728 /* Build configuration list for PBXNativeTarget "animations" */ = {
			isa = XCConfigurationList;
			buildConfigurations = (
				1838B6B125BB60A900E0C728 /* Debug */,
				1838B6B225BB60A900E0C728 /* Release */,
			);
			defaultConfigurationIsVisible = 0;
			defaultConfigurationName = Release;
		};
/* End XCConfigurationList section */

/* Begin XCVersionGroup section */
		1838B6A525BB60A400E0C728 /* animations.xcdatamodeld */ = {
			isa = XCVersionGroup;
			children = (
				1838B6A625BB60A400E0C728 /* animations.xcdatamodel */,
			);
			currentVersion = 1838B6A625BB60A400E0C728 /* animations.xcdatamodel */;
			path = animations.xcdatamodeld;
			sourceTree = "<group>";
			versionGroupType = wrapper.xcdatamodel;
		};
/* End XCVersionGroup section */
	};
	rootObject = 1838B69125BB60A400E0C728 /* Project object */;
}
